// !$*UTF8*$!
{
	archiveVersion = 1;
	classes = {
	};
	objectVersion = 50;
	objects = {

/* Begin PBXBuildFile section */
		4A17546A2600547300F04E5D /* HomePage.swift in Sources */ = {isa = PBXBuildFile; fileRef = 4A1754692600547300F04E5D /* HomePage.swift */; };
		4A17547326005E4300F04E5D /* GamePage.swift in Sources */ = {isa = PBXBuildFile; fileRef = 4A17547226005E4300F04E5D /* GamePage.swift */; };
		4A3AEDA525FFCA4D0000D71A /* ntou1092iOS_hw2App.swift in Sources */ = {isa = PBXBuildFile; fileRef = 4A3AEDA425FFCA4D0000D71A /* ntou1092iOS_hw2App.swift */; };
		4A3AEDA925FFCA4E0000D71A /* Assets.xcassets in Resources */ = {isa = PBXBuildFile; fileRef = 4A3AEDA825FFCA4E0000D71A /* Assets.xcassets */; };
		4A3AEDAC25FFCA4F0000D71A /* Preview Assets.xcassets in Resources */ = {isa = PBXBuildFile; fileRef = 4A3AEDAB25FFCA4F0000D71A /* Preview Assets.xcassets */; };
		4A701303260336FF00571811 /* GameOverPage.swift in Sources */ = {isa = PBXBuildFile; fileRef = 4A701302260336FF00571811 /* GameOverPage.swift */; };
		4AF475C82600635C00E18EA8 /* ResultPage.swift in Sources */ = {isa = PBXBuildFile; fileRef = 4AF475C72600635C00E18EA8 /* ResultPage.swift */; };
		4AF475CE26006D5200E18EA8 /* Card.swift in Sources */ = {isa = PBXBuildFile; fileRef = 4AF475CD26006D5200E18EA8 /* Card.swift */; };
/* End PBXBuildFile section */

/* Begin PBXFileReference section */
		4A1754692600547300F04E5D /* HomePage.swift */ = {isa = PBXFileReference; lastKnownFileType = sourcecode.swift; path = HomePage.swift; sourceTree = "<group>"; };
		4A17547226005E4300F04E5D /* GamePage.swift */ = {isa = PBXFileReference; lastKnownFileType = sourcecode.swift; path = GamePage.swift; sourceTree = "<group>"; };
		4A3AEDA125FFCA4D0000D71A /* ntou1092iOS_hw2.app */ = {isa = PBXFileReference; explicitFileType = wrapper.application; includeInIndex = 0; path = ntou1092iOS_hw2.app; sourceTree = BUILT_PRODUCTS_DIR; };
		4A3AEDA425FFCA4D0000D71A /* ntou1092iOS_hw2App.swift */ = {isa = PBXFileReference; lastKnownFileType = sourcecode.swift; path = ntou1092iOS_hw2App.swift; sourceTree = "<group>"; };
		4A3AEDA825FFCA4E0000D71A /* Assets.xcassets */ = {isa = PBXFileReference; lastKnownFileType = folder.assetcatalog; path = Assets.xcassets; sourceTree = "<group>"; };
		4A3AEDAB25FFCA4F0000D71A /* Preview Assets.xcassets */ = {isa = PBXFileReference; lastKnownFileType = folder.assetcatalog; path = "Preview Assets.xcassets"; sourceTree = "<group>"; };
		4A3AEDAD25FFCA4F0000D71A /* Info.plist */ = {isa = PBXFileReference; lastKnownFileType = text.plist.xml; path = Info.plist; sourceTree = "<group>"; };
		4A701302260336FF00571811 /* GameOverPage.swift */ = {isa = PBXFileReference; lastKnownFileType = sourcecode.swift; path = GameOverPage.swift; sourceTree = "<group>"; };
		4AF475C72600635C00E18EA8 /* ResultPage.swift */ = {isa = PBXFileReference; lastKnownFileType = sourcecode.swift; path = ResultPage.swift; sourceTree = "<group>"; };
		4AF475CD26006D5200E18EA8 /* Card.swift */ = {isa = PBXFileReference; lastKnownFileType = sourcecode.swift; path = Card.swift; sourceTree = "<group>"; };
/* End PBXFileReference section */

/* Begin PBXFrameworksBuildPhase section */
		4A3AED9E25FFCA4D0000D71A /* Frameworks */ = {
			isa = PBXFrameworksBuildPhase;
			buildActionMask = 2147483647;
			files = (
			);
			runOnlyForDeploymentPostprocessing = 0;
		};
/* End PBXFrameworksBuildPhase section */

/* Begin PBXGroup section */
		4A3AED9825FFCA4D0000D71A = {
			isa = PBXGroup;
			children = (
				4A3AEDA325FFCA4D0000D71A /* ntou1092iOS_hw2 */,
				4A3AEDA225FFCA4D0000D71A /* Products */,
			);
			sourceTree = "<group>";
		};
		4A3AEDA225FFCA4D0000D71A /* Products */ = {
			isa = PBXGroup;
			children = (
				4A3AEDA125FFCA4D0000D71A /* ntou1092iOS_hw2.app */,
			);
			name = Products;
			sourceTree = "<group>";
		};
		4A3AEDA325FFCA4D0000D71A /* ntou1092iOS_hw2 */ = {
			isa = PBXGroup;
			children = (
				4A3AEDA425FFCA4D0000D71A /* ntou1092iOS_hw2App.swift */,
				4A1754692600547300F04E5D /* HomePage.swift */,
				4A17547226005E4300F04E5D /* GamePage.swift */,
				4AF475C72600635C00E18EA8 /* ResultPage.swift */,
				4A701302260336FF00571811 /* GameOverPage.swift */,
				4AF475CD26006D5200E18EA8 /* Card.swift */,
				4A3AEDA825FFCA4E0000D71A /* Assets.xcassets */,
				4A3AEDAD25FFCA4F0000D71A /* Info.plist */,
				4A3AEDAA25FFCA4F0000D71A /* Preview Content */,
			);
			path = ntou1092iOS_hw2;
			sourceTree = "<group>";
		};
		4A3AEDAA25FFCA4F0000D71A /* Preview Content */ = {
			isa = PBXGroup;
			children = (
				4A3AEDAB25FFCA4F0000D71A /* Preview Assets.xcassets */,
			);
			path = "Preview Content";
			sourceTree = "<group>";
		};
/* End PBXGroup section */

/* Begin PBXNativeTarget section */
		4A3AEDA025FFCA4D0000D71A /* ntou1092iOS_hw2 */ = {
			isa = PBXNativeTarget;
			buildConfigurationList = 4A3AEDB025FFCA4F0000D71A /* Build configuration list for PBXNativeTarget "ntou1092iOS_hw2" */;
			buildPhases = (
				4A3AED9D25FFCA4D0000D71A /* Sources */,
				4A3AED9E25FFCA4D0000D71A /* Frameworks */,
				4A3AED9F25FFCA4D0000D71A /* Resources */,
			);
			buildRules = (
			);
			dependencies = (
			);
			name = ntou1092iOS_hw2;
			productName = ntou1092iOS_hw2;
			productReference = 4A3AEDA125FFCA4D0000D71A /* ntou1092iOS_hw2.app */;
			productType = "com.apple.product-type.application";
		};
/* End PBXNativeTarget section */

/* Begin PBXProject section */
		4A3AED9925FFCA4D0000D71A /* Project object */ = {
			isa = PBXProject;
			attributes = {
				LastSwiftUpdateCheck = 1240;
				LastUpgradeCheck = 1240;
				TargetAttributes = {
					4A3AEDA025FFCA4D0000D71A = {
						CreatedOnToolsVersion = 12.4;
					};
				};
			};
			buildConfigurationList = 4A3AED9C25FFCA4D0000D71A /* Build configuration list for PBXProject "ntou1092iOS_hw2" */;
			compatibilityVersion = "Xcode 9.3";
			developmentRegion = en;
			hasScannedForEncodings = 0;
			knownRegions = (
				en,
				Base,
			);
			mainGroup = 4A3AED9825FFCA4D0000D71A;
			productRefGroup = 4A3AEDA225FFCA4D0000D71A /* Products */;
			projectDirPath = "";
			projectRoot = "";
			targets = (
				4A3AEDA025FFCA4D0000D71A /* ntou1092iOS_hw2 */,
			);
		};
/* End PBXProject section */

/* Begin PBXResourcesBuildPhase section */
		4A3AED9F25FFCA4D0000D71A /* Resources */ = {
			isa = PBXResourcesBuildPhase;
			buildActionMask = 2147483647;
			files = (
				4A3AEDAC25FFCA4F0000D71A /* Preview Assets.xcassets in Resources */,
				4A3AEDA925FFCA4E0000D71A /* Assets.xcassets in Resources */,
			);
			runOnlyForDeploymentPostprocessing = 0;
		};
/* End PBXResourcesBuildPhase section */

/* Begin PBXSourcesBuildPhase section */
		4A3AED9D25FFCA4D0000D71A /* Sources */ = {
			isa = PBXSourcesBuildPhase;
			buildActionMask = 2147483647;
			files = (
				4A17546A2600547300F04E5D /* HomePage.swift in Sources */,
				4A3AEDA525FFCA4D0000D71A /* ntou1092iOS_hw2App.swift in Sources */,
				4AF475CE26006D5200E18EA8 /* Card.swift in Sources */,
				4A17547326005E4300F04E5D /* GamePage.swift in Sources */,
				4A701303260336FF00571811 /* GameOverPage.swift in Sources */,
				4AF475C82600635C00E18EA8 /* ResultPage.swift in Sources */,
			);
			runOnlyForDeploymentPostprocessing = 0;
		};
/* End PBXSourcesBuildPhase section */

/* Begin XCBuildConfiguration section */
		4A3AEDAE25FFCA4F0000D71A /* Debug */ = {
			isa = XCBuildConfiguration;
			buildSettings = {
				ALWAYS_SEARCH_USER_PATHS = NO;
				CLANG_ANALYZER_NONNULL = YES;
				CLANG_ANALYZER_NUMBER_OBJECT_CONVERSION = YES_AGGRESSIVE;
				CLANG_CXX_LANGUAGE_STANDARD = "gnu++14";
				CLANG_CXX_LIBRARY = "libc++";
				CLANG_ENABLE_MODULES = YES;
				CLANG_ENABLE_OBJC_ARC = YES;
				CLANG_ENABLE_OBJC_WEAK = YES;
				CLANG_WARN_BLOCK_CAPTURE_AUTORELEASING = YES;
				CLANG_WARN_BOOL_CONVERSION = YES;
				CLANG_WARN_COMMA = YES;
				CLANG_WARN_CONSTANT_CONVERSION = YES;
				CLANG_WARN_DEPRECATED_OBJC_IMPLEMENTATIONS = YES;
				CLANG_WARN_DIRECT_OBJC_ISA_USAGE = YES_ERROR;
				CLANG_WARN_DOCUMENTATION_COMMENTS = YES;
				CLANG_WARN_EMPTY_BODY = YES;
				CLANG_WARN_ENUM_CONVERSION = YES;
				CLANG_WARN_INFINITE_RECURSION = YES;
				CLANG_WARN_INT_CONVERSION = YES;
				CLANG_WARN_NON_LITERAL_NULL_CONVERSION = YES;
				CLANG_WARN_OBJC_IMPLICIT_RETAIN_SELF = YES;
				CLANG_WARN_OBJC_LITERAL_CONVERSION = YES;
				CLANG_WARN_OBJC_ROOT_CLASS = YES_ERROR;
				CLANG_WARN_QUOTED_INCLUDE_IN_FRAMEWORK_HEADER = YES;
				CLANG_WARN_RANGE_LOOP_ANALYSIS = YES;
				CLANG_WARN_STRICT_PROTOTYPES = YES;
				CLANG_WARN_SUSPICIOUS_MOVE = YES;
				CLANG_WARN_UNGUARDED_AVAILABILITY = YES_AGGRESSIVE;
				CLANG_WARN_UNREACHABLE_CODE = YES;
				CLANG_WARN__DUPLICATE_METHOD_MATCH = YES;
				COPY_PHASE_STRIP = NO;
				DEBUG_INFORMATION_FORMAT = dwarf;
				ENABLE_STRICT_OBJC_MSGSEND = YES;
				ENABLE_TESTABILITY = YES;
				GCC_C_LANGUAGE_STANDARD = gnu11;
				GCC_DYNAMIC_NO_PIC = NO;
				GCC_NO_COMMON_BLOCKS = YES;
				GCC_OPTIMIZATION_LEVEL = 0;
				GCC_PREPROCESSOR_DEFINITIONS = (
					"DEBUG=1",
					"$(inherited)",
				);
				GCC_WARN_64_TO_32_BIT_CONVERSION = YES;
				GCC_WARN_ABOUT_RETURN_TYPE = YES_ERROR;
				GCC_WARN_UNDECLARED_SELECTOR = YES;
				GCC_WARN_UNINITIALIZED_AUTOS = YES_AGGRESSIVE;
				GCC_WARN_UNUSED_FUNCTION = YES;
				GCC_WARN_UNUSED_VARIABLE = YES;
				IPHONEOS_DEPLOYMENT_TARGET = 14.4;
				MTL_ENABLE_DEBUG_INFO = INCLUDE_SOURCE;
				MTL_FAST_MATH = YES;
				ONLY_ACTIVE_ARCH = YES;
				SDKROOT = iphoneos;
				SWIFT_ACTIVE_COMPILATION_CONDITIONS = DEBUG;
				SWIFT_OPTIMIZATION_LEVEL = "-Onone";
			};
			name = Debug;
		};
		4A3AEDAF25FFCA4F0000D71A /* Release */ = {
			isa = XCBuildConfiguration;
			buildSettings = {
				ALWAYS_SEARCH_USER_PATHS = NO;
				CLANG_ANALYZER_NONNULL = YES;
				CLANG_ANALYZER_NUMBER_OBJECT_CONVERSION = YES_AGGRESSIVE;
				CLANG_CXX_LANGUAGE_STANDARD = "gnu++14";
				CLANG_CXX_LIBRARY = "libc++";
				CLANG_ENABLE_MODULES = YES;
				CLANG_ENABLE_OBJC_ARC = YES;
				CLANG_ENABLE_OBJC_WEAK = YES;
				CLANG_WARN_BLOCK_CAPTURE_AUTORELEASING = YES;
				CLANG_WARN_BOOL_CONVERSION = YES;
				CLANG_WARN_COMMA = YES;
				CLANG_WARN_CONSTANT_CONVERSION = YES;
				CLANG_WARN_DEPRECATED_OBJC_IMPLEMENTATIONS = YES;
				CLANG_WARN_DIRECT_OBJC_ISA_USAGE = YES_ERROR;
				CLANG_WARN_DOCUMENTATION_COMMENTS = YES;
				CLANG_WARN_EMPTY_BODY = YES;
				CLANG_WARN_ENUM_CONVERSION = YES;
				CLANG_WARN_INFINITE_RECURSION = YES;
				CLANG_WARN_INT_CONVERSION = YES;
				CLANG_WARN_NON_LITERAL_NULL_CONVERSION = YES;
				CLANG_WARN_OBJC_IMPLICIT_RETAIN_SELF = YES;
				CLANG_WARN_OBJC_LITERAL_CONVERSION = YES;
				CLANG_WARN_OBJC_ROOT_CLASS = YES_ERROR;
				CLANG_WARN_QUOTED_INCLUDE_IN_FRAMEWORK_HEADER = YES;
				CLANG_WARN_RANGE_LOOP_ANALYSIS = YES;
				CLANG_WARN_STRICT_PROTOTYPES = YES;
				CLANG_WARN_SUSPICIOUS_MOVE = YES;
				CLANG_WARN_UNGUARDED_AVAILABILITY = YES_AGGRESSIVE;
				CLANG_WARN_UNREACHABLE_CODE = YES;
				CLANG_WARN__DUPLICATE_METHOD_MATCH = YES;
				COPY_PHASE_STRIP = NO;
				DEBUG_INFORMATION_FORMAT = "dwarf-with-dsym";
				ENABLE_NS_ASSERTIONS = NO;
				ENABLE_STRICT_OBJC_MSGSEND = YES;
				GCC_C_LANGUAGE_STANDARD = gnu11;
				GCC_NO_COMMON_BLOCKS = YES;
				GCC_WARN_64_TO_32_BIT_CONVERSION = YES;
				GCC_WARN_ABOUT_RETURN_TYPE = YES_ERROR;
				GCC_WARN_UNDECLARED_SELECTOR = YES;
				GCC_WARN_UNINITIALIZED_AUTOS = YES_AGGRESSIVE;
				GCC_WARN_UNUSED_FUNCTION = YES;
				GCC_WARN_UNUSED_VARIABLE = YES;
				IPHONEOS_DEPLOYMENT_TARGET = 14.4;
				MTL_ENABLE_DEBUG_INFO = NO;
				MTL_FAST_MATH = YES;
				SDKROOT = iphoneos;
				SWIFT_COMPILATION_MODE = wholemodule;
				SWIFT_OPTIMIZATION_LEVEL = "-O";
				VALIDATE_PRODUCT = YES;
			};
			name = Release;
		};
		4A3AEDB125FFCA4F0000D71A /* Debug */ = {
			isa = XCBuildConfiguration;
			buildSettings = {
				ASSETCATALOG_COMPILER_APPICON_NAME = AppIcon;
				ASSETCATALOG_COMPILER_GLOBAL_ACCENT_COLOR_NAME = AccentColor;
				CODE_SIGN_STYLE = Automatic;
				DEVELOPMENT_ASSET_PATHS = "\"ntou1092iOS_hw2/Preview Content\"";
				DEVELOPMENT_TEAM = M22WP7B2WF;
				ENABLE_PREVIEWS = YES;
				INFOPLIST_FILE = ntou1092iOS_hw2/Info.plist;
				IPHONEOS_DEPLOYMENT_TARGET = 14.0;
				LD_RUNPATH_SEARCH_PATHS = (
					"$(inherited)",
					"@executable_path/Frameworks",
				);
				PRODUCT_BUNDLE_IDENTIFIER = "grotion.ntou1092iOS-hw2";
				PRODUCT_NAME = "$(TARGET_NAME)";
				SWIFT_VERSION = 5.0;
				TARGETED_DEVICE_FAMILY = "1,2";
			};
			name = Debug;
		};
		4A3AEDB225FFCA4F0000D71A /* Release */ = {
			isa = XCBuildConfiguration;
			buildSettings = {
				ASSETCATALOG_COMPILER_APPICON_NAME = AppIcon;
				ASSETCATALOG_COMPILER_GLOBAL_ACCENT_COLOR_NAME = AccentColor;
				CODE_SIGN_STYLE = Automatic;
				DEVELOPMENT_ASSET_PATHS = "\"ntou1092iOS_hw2/Preview Content\"";
				DEVELOPMENT_TEAM = M22WP7B2WF;
				ENABLE_PREVIEWS = YES;
				INFOPLIST_FILE = ntou1092iOS_hw2/Info.plist;
				IPHONEOS_DEPLOYMENT_TARGET = 14.0;
				LD_RUNPATH_SEARCH_PATHS = (
					"$(inherited)",
					"@executable_path/Frameworks",
				);
				PRODUCT_BUNDLE_IDENTIFIER = "grotion.ntou1092iOS-hw2";
				PRODUCT_NAME = "$(TARGET_NAME)";
				SWIFT_VERSION = 5.0;
				TARGETED_DEVICE_FAMILY = "1,2";
			};
			name = Release;
		};
/* End XCBuildConfiguration section */

/* Begin XCConfigurationList section */
		4A3AED9C25FFCA4D0000D71A /* Build configuration list for PBXProject "ntou1092iOS_hw2" */ = {
			isa = XCConfigurationList;
			buildConfigurations = (
				4A3AEDAE25FFCA4F0000D71A /* Debug */,
				4A3AEDAF25FFCA4F0000D71A /* Release */,
			);
			defaultConfigurationIsVisible = 0;
			defaultConfigurationName = Release;
		};
		4A3AEDB025FFCA4F0000D71A /* Build configuration list for PBXNativeTarget "ntou1092iOS_hw2" */ = {
			isa = XCConfigurationList;
			buildConfigurations = (
				4A3AEDB125FFCA4F0000D71A /* Debug */,
				4A3AEDB225FFCA4F0000D71A /* Release */,
			);
			defaultConfigurationIsVisible = 0;
			defaultConfigurationName = Release;
		};
/* End XCConfigurationList section */
	};
	rootObject = 4A3AED9925FFCA4D0000D71A /* Project object */;
}
